[[package]]
name = "watchdog"
version = "2.2.0"
description = "Filesystem events monitoring"
category = "dev"
optional = false
python-versions = ">=3.6"

[package.extras]
watchmedo = ["PyYAML (>=3.10)"]

[metadata]
lock-version = "1.1"
python-versions = "^3.8"
content-hash = "c427ba8cd6de4c9f4998cbc64fa628a208768c5ce23cf82c45bb2ccdb1a12dc0"

[metadata.files]
watchdog = [
    {file = "watchdog-2.2.0-cp310-cp310-macosx_10_9_universal2.whl", hash = "sha256:ed91c3ccfc23398e7aa9715abf679d5c163394b8cad994f34f156d57a7c163dc"},
    {file = "watchdog-2.2.0-cp310-cp310-macosx_10_9_x86_64.whl", hash = "sha256:76a2743402b794629a955d96ea2e240bd0e903aa26e02e93cd2d57b33900962b"},
    {file = "watchdog-2.2.0-cp310-cp310-macosx_11_0_arm64.whl", hash = "sha256:920a4bda7daa47545c3201a3292e99300ba81ca26b7569575bd086c865889090"},
    {file = "watchdog-2.2.0-cp311-cp311-macosx_10_9_universal2.whl", hash = "sha256:ceaa9268d81205876bedb1069f9feab3eccddd4b90d9a45d06a0df592a04cae9"},
    {file = "watchdog-2.2.0-cp311-cp311-macosx_10_9_x86_64.whl", hash = "sha256:1893d425ef4fb4f129ee8ef72226836619c2950dd0559bba022b0818c63a7b60"},
    {file = "watchdog-2.2.0-cp311-cp311-macosx_11_0_arm64.whl", hash = "sha256:9e99c1713e4436d2563f5828c8910e5ff25abd6ce999e75f15c15d81d41980b6"},
    {file = "watchdog-2.2.0-cp36-cp36m-macosx_10_9_x86_64.whl", hash = "sha256:a5bd9e8656d07cae89ac464ee4bcb6f1b9cecbedc3bf1334683bed3d5afd39ba"},
    {file = "watchdog-2.2.0-cp37-cp37m-macosx_10_9_x86_64.whl", hash = "sha256:3a048865c828389cb06c0bebf8a883cec3ae58ad3e366bcc38c61d8455a3138f"},
    {file = "watchdog-2.2.0-cp38-cp38-macosx_10_9_universal2.whl", hash = "sha256:e722755d995035dd32177a9c633d158f2ec604f2a358b545bba5bed53ab25bca"},
    {file = "watchdog-2.2.0-cp38-cp38-macosx_10_9_x86_64.whl", hash = "sha256:af4b5c7ba60206759a1d99811b5938ca666ea9562a1052b410637bb96ff97512"},
    {file = "watchdog-2.2.0-cp38-cp38-macosx_11_0_arm64.whl", hash = "sha256:619d63fa5be69f89ff3a93e165e602c08ed8da402ca42b99cd59a8ec115673e1"},
    {file = "watchdog-2.2.0-cp39-cp39-macosx_10_9_universal2.whl", hash = "sha256:1f2b0665c57358ce9786f06f5475bc083fea9d81ecc0efa4733fd0c320940a37"},
    {file = "watchdog-2.2.0-cp39-cp39-macosx_10_9_x86_64.whl", hash = "sha256:441024df19253bb108d3a8a5de7a186003d68564084576fecf7333a441271ef7"},
    {file = "watchdog-2.2.0-cp39-cp39-macosx_11_0_arm64.whl", hash = "sha256:1a410dd4d0adcc86b4c71d1317ba2ea2c92babaf5b83321e4bde2514525544d5"},
    {file = "watchdog-2.2.0-pp37-pypy37_pp73-macosx_10_9_x86_64.whl", hash = "sha256:28704c71afdb79c3f215c90231e41c52b056ea880b6be6cee035c6149d658ed1"},
    {file = "watchdog-2.2.0-pp38-pypy38_pp73-macosx_10_9_x86_64.whl", hash = "sha256:2ac0bd7c206bb6df78ef9e8ad27cc1346f2b41b1fef610395607319cdab89bc1"},
    {file = "watchdog-2.2.0-pp39-pypy39_pp73-macosx_10_9_x86_64.whl", hash = "sha256:27e49268735b3c27310883012ab3bd86ea0a96dcab90fe3feb682472e30c90f3"},
    {file = "watchdog-2.2.0-py3-none-manylinux2014_aarch64.whl", hash = "sha256:2af1a29fd14fc0a87fb6ed762d3e1ae5694dcde22372eebba50e9e5be47af03c"},
    {file = "watchdog-2.2.0-py3-none-manylinux2014_armv7l.whl", hash = "sha256:c7bd98813d34bfa9b464cf8122e7d4bec0a5a427399094d2c17dd5f70d59bc61"},
    {file = "watchdog-2.2.0-py3-none-manylinux2014_i686.whl", hash = "sha256:56fb3f40fc3deecf6e518303c7533f5e2a722e377b12507f6de891583f1b48aa"},
    {file = "watchdog-2.2.0-py3-none-manylinux2014_ppc64.whl", hash = "sha256:74535e955359d79d126885e642d3683616e6d9ab3aae0e7dcccd043bd5a3ff4f"},
    {file = "watchdog-2.2.0-py3-none-manylinux2014_ppc64le.whl", hash = "sha256:cf05e6ff677b9655c6e9511d02e9cc55e730c4e430b7a54af9c28912294605a4"},
    {file = "watchdog-2.2.0-py3-none-manylinux2014_s390x.whl", hash = "sha256:d6ae890798a3560688b441ef086bb66e87af6b400a92749a18b856a134fc0318"},
    {file = "watchdog-2.2.0-py3-none-manylinux2014_x86_64.whl", hash = "sha256:e5aed2a700a18c194c39c266900d41f3db0c1ebe6b8a0834b9995c835d2ca66e"},
    {file = "watchdog-2.2.0-py3-none-win32.whl", hash = "sha256:d0fb5f2b513556c2abb578c1066f5f467d729f2eb689bc2db0739daf81c6bb7e"},
    {file = "watchdog-2.2.0-py3-none-win_amd64.whl", hash = "sha256:1f8eca9d294a4f194ce9df0d97d19b5598f310950d3ac3dd6e8d25ae456d4c8a"},
    {file = "watchdog-2.2.0-py3-none-win_ia64.whl", hash = "sha256:ad0150536469fa4b693531e497ffe220d5b6cd76ad2eda474a5e641ee204bbb6"},
    {file = "watchdog-2.2.0.tar.gz", hash = "sha256:83cf8bc60d9c613b66a4c018051873d6273d9e45d040eed06d6a96241bd8ec01"},
]
